// !$*UTF8*$!
{
	archiveVersion = 1;
	classes = {
	};
	objectVersion = 55;
	objects = {

/* Begin PBXBuildFile section */
		8974B3E8283F8BB900398488 /* TranslationAppApp.swift in Sources */ = {isa = PBXBuildFile; fileRef = 8974B3E7283F8BB900398488 /* TranslationAppApp.swift */; };
		8974B3EA283F8BB900398488 /* ContentView.swift in Sources */ = {isa = PBXBuildFile; fileRef = 8974B3E9283F8BB900398488 /* ContentView.swift */; };
		8974B3EC283F8BBA00398488 /* Assets.xcassets in Resources */ = {isa = PBXBuildFile; fileRef = 8974B3EB283F8BBA00398488 /* Assets.xcassets */; };
		8974B3EF283F8BBA00398488 /* Preview Assets.xcassets in Resources */ = {isa = PBXBuildFile; fileRef = 8974B3EE283F8BBA00398488 /* Preview Assets.xcassets */; };
		8974B3F9283F8BBA00398488 /* TranslationAppTests.swift in Sources */ = {isa = PBXBuildFile; fileRef = 8974B3F8283F8BBA00398488 /* TranslationAppTests.swift */; };
		8974B403283F8BBA00398488 /* TranslationAppUITests.swift in Sources */ = {isa = PBXBuildFile; fileRef = 8974B402283F8BBA00398488 /* TranslationAppUITests.swift */; };
		8974B405283F8BBA00398488 /* TranslationAppUITestsLaunchTests.swift in Sources */ = {isa = PBXBuildFile; fileRef = 8974B404283F8BBA00398488 /* TranslationAppUITestsLaunchTests.swift */; };
		8974B413283F8C3100398488 /* CRUDMVVM.xcdatamodeld in Sources */ = {isa = PBXBuildFile; fileRef = 8974B411283F8C3100398488 /* CRUDMVVM.xcdatamodeld */; };
		8974B415283F8CFA00398488 /* Persistence.swift in Sources */ = {isa = PBXBuildFile; fileRef = 8974B414283F8CFA00398488 /* Persistence.swift */; };
		8974B417283F913300398488 /* TaskListViewModel.swift in Sources */ = {isa = PBXBuildFile; fileRef = 8974B416283F913300398488 /* TaskListViewModel.swift */; };
/* End PBXBuildFile section */

/* Begin PBXContainerItemProxy section */
		8974B3F5283F8BBA00398488 /* PBXContainerItemProxy */ = {
			isa = PBXContainerItemProxy;
			containerPortal = 8974B3DC283F8BB900398488 /* Project object */;
			proxyType = 1;
			remoteGlobalIDString = 8974B3E3283F8BB900398488;
			remoteInfo = TranslationApp;
		};
		8974B3FF283F8BBA00398488 /* PBXContainerItemProxy */ = {
			isa = PBXContainerItemProxy;
			containerPortal = 8974B3DC283F8BB900398488 /* Project object */;
			proxyType = 1;
			remoteGlobalIDString = 8974B3E3283F8BB900398488;
			remoteInfo = TranslationApp;
		};
/* End PBXContainerItemProxy section */

/* Begin PBXFileReference section */
		8974B3E4283F8BB900398488 /* TranslationApp.app */ = {isa = PBXFileReference; explicitFileType = wrapper.application; includeInIndex = 0; path = TranslationApp.app; sourceTree = BUILT_PRODUCTS_DIR; };
		8974B3E7283F8BB900398488 /* TranslationAppApp.swift */ = {isa = PBXFileReference; lastKnownFileType = sourcecode.swift; path = TranslationAppApp.swift; sourceTree = "<group>"; };
		8974B3E9283F8BB900398488 /* ContentView.swift */ = {isa = PBXFileReference; lastKnownFileType = sourcecode.swift; path = ContentView.swift; sourceTree = "<group>"; };
		8974B3EB283F8BBA00398488 /* Assets.xcassets */ = {isa = PBXFileReference; lastKnownFileType = folder.assetcatalog; path = Assets.xcassets; sourceTree = "<group>"; };
		8974B3EE283F8BBA00398488 /* Preview Assets.xcassets */ = {isa = PBXFileReference; lastKnownFileType = folder.assetcatalog; path = "Preview Assets.xcassets"; sourceTree = "<group>"; };
		8974B3F4283F8BBA00398488 /* TranslationAppTests.xctest */ = {isa = PBXFileReference; explicitFileType = wrapper.cfbundle; includeInIndex = 0; path = TranslationAppTests.xctest; sourceTree = BUILT_PRODUCTS_DIR; };
		8974B3F8283F8BBA00398488 /* TranslationAppTests.swift */ = {isa = PBXFileReference; lastKnownFileType = sourcecode.swift; path = TranslationAppTests.swift; sourceTree = "<group>"; };
		8974B3FE283F8BBA00398488 /* TranslationAppUITests.xctest */ = {isa = PBXFileReference; explicitFileType = wrapper.cfbundle; includeInIndex = 0; path = TranslationAppUITests.xctest; sourceTree = BUILT_PRODUCTS_DIR; };
		8974B402283F8BBA00398488 /* TranslationAppUITests.swift */ = {isa = PBXFileReference; lastKnownFileType = sourcecode.swift; path = TranslationAppUITests.swift; sourceTree = "<group>"; };
		8974B404283F8BBA00398488 /* TranslationAppUITestsLaunchTests.swift */ = {isa = PBXFileReference; lastKnownFileType = sourcecode.swift; path = TranslationAppUITestsLaunchTests.swift; sourceTree = "<group>"; };
		8974B412283F8C3100398488 /* CRUDMVVM.xcdatamodel */ = {isa = PBXFileReference; lastKnownFileType = wrapper.xcdatamodel; path = CRUDMVVM.xcdatamodel; sourceTree = "<group>"; };
		8974B414283F8CFA00398488 /* Persistence.swift */ = {isa = PBXFileReference; lastKnownFileType = sourcecode.swift; path = Persistence.swift; sourceTree = "<group>"; };
		8974B416283F913300398488 /* TaskListViewModel.swift */ = {isa = PBXFileReference; lastKnownFileType = sourcecode.swift; path = TaskListViewModel.swift; sourceTree = "<group>"; };
/* End PBXFileReference section */

/* Begin PBXFrameworksBuildPhase section */
		8974B3E1283F8BB900398488 /* Frameworks */ = {
			isa = PBXFrameworksBuildPhase;
			buildActionMask = 2147483647;
			files = (
			);
			runOnlyForDeploymentPostprocessing = 0;
		};
		8974B3F1283F8BBA00398488 /* Frameworks */ = {
			isa = PBXFrameworksBuildPhase;
			buildActionMask = 2147483647;
			files = (
			);
			runOnlyForDeploymentPostprocessing = 0;
		};
		8974B3FB283F8BBA00398488 /* Frameworks */ = {
			isa = PBXFrameworksBuildPhase;
			buildActionMask = 2147483647;
			files = (
			);
			runOnlyForDeploymentPostprocessing = 0;
		};
/* End PBXFrameworksBuildPhase section */

/* Begin PBXGroup section */
		8974B3DB283F8BB900398488 = {
			isa = PBXGroup;
			children = (
				8974B3E6283F8BB900398488 /* TranslationApp */,
				8974B3F7283F8BBA00398488 /* TranslationAppTests */,
				8974B401283F8BBA00398488 /* TranslationAppUITests */,
				8974B3E5283F8BB900398488 /* Products */,
			);
			sourceTree = "<group>";
		};
		8974B3E5283F8BB900398488 /* Products */ = {
			isa = PBXGroup;
			children = (
				8974B3E4283F8BB900398488 /* TranslationApp.app */,
				8974B3F4283F8BBA00398488 /* TranslationAppTests.xctest */,
				8974B3FE283F8BBA00398488 /* TranslationAppUITests.xctest */,
			);
			name = Products;
			sourceTree = "<group>";
		};
		8974B3E6283F8BB900398488 /* TranslationApp */ = {
			isa = PBXGroup;
			children = (
				8974B3E7283F8BB900398488 /* TranslationAppApp.swift */,
				8974B3E9283F8BB900398488 /* ContentView.swift */,
				8974B3EB283F8BBA00398488 /* Assets.xcassets */,
				8974B3ED283F8BBA00398488 /* Preview Content */,
				8974B411283F8C3100398488 /* CRUDMVVM.xcdatamodeld */,
				8974B414283F8CFA00398488 /* Persistence.swift */,
				8974B416283F913300398488 /* TaskListViewModel.swift */,
			);
			path = TranslationApp;
			sourceTree = "<group>";
		};
		8974B3ED283F8BBA00398488 /* Preview Content */ = {
			isa = PBXGroup;
			children = (
				8974B3EE283F8BBA00398488 /* Preview Assets.xcassets */,
			);
			path = "Preview Content";
			sourceTree = "<group>";
		};
		8974B3F7283F8BBA00398488 /* TranslationAppTests */ = {
			isa = PBXGroup;
			children = (
				8974B3F8283F8BBA00398488 /* TranslationAppTests.swift */,
			);
			path = TranslationAppTests;
			sourceTree = "<group>";
		};
		8974B401283F8BBA00398488 /* TranslationAppUITests */ = {
			isa = PBXGroup;
			children = (
				8974B402283F8BBA00398488 /* TranslationAppUITests.swift */,
				8974B404283F8BBA00398488 /* TranslationAppUITestsLaunchTests.swift */,
			);
			path = TranslationAppUITests;
			sourceTree = "<group>";
		};
/* End PBXGroup section */

/* Begin PBXNativeTarget section */
		8974B3E3283F8BB900398488 /* TranslationApp */ = {
			isa = PBXNativeTarget;
			buildConfigurationList = 8974B408283F8BBA00398488 /* Build configuration list for PBXNativeTarget "TranslationApp" */;
			buildPhases = (
				8974B3E0283F8BB900398488 /* Sources */,
				8974B3E1283F8BB900398488 /* Frameworks */,
				8974B3E2283F8BB900398488 /* Resources */,
			);
			buildRules = (
			);
			dependencies = (
			);
			name = TranslationApp;
			productName = TranslationApp;
			productReference = 8974B3E4283F8BB900398488 /* TranslationApp.app */;
			productType = "com.apple.product-type.application";
		};
		8974B3F3283F8BBA00398488 /* TranslationAppTests */ = {
			isa = PBXNativeTarget;
			buildConfigurationList = 8974B40B283F8BBA00398488 /* Build configuration list for PBXNativeTarget "TranslationAppTests" */;
			buildPhases = (
				8974B3F0283F8BBA00398488 /* Sources */,
				8974B3F1283F8BBA00398488 /* Frameworks */,
				8974B3F2283F8BBA00398488 /* Resources */,
			);
			buildRules = (
			);
			dependencies = (
				8974B3F6283F8BBA00398488 /* PBXTargetDependency */,
			);
			name = TranslationAppTests;
			productName = TranslationAppTests;
			productReference = 8974B3F4283F8BBA00398488 /* TranslationAppTests.xctest */;
			productType = "com.apple.product-type.bundle.unit-test";
		};
		8974B3FD283F8BBA00398488 /* TranslationAppUITests */ = {
			isa = PBXNativeTarget;
			buildConfigurationList = 8974B40E283F8BBA00398488 /* Build configuration list for PBXNativeTarget "TranslationAppUITests" */;
			buildPhases = (
				8974B3FA283F8BBA00398488 /* Sources */,
				8974B3FB283F8BBA00398488 /* Frameworks */,
				8974B3FC283F8BBA00398488 /* Resources */,
			);
			buildRules = (
			);
			dependencies = (
				8974B400283F8BBA00398488 /* PBXTargetDependency */,
			);
			name = TranslationAppUITests;
			productName = TranslationAppUITests;
			productReference = 8974B3FE283F8BBA00398488 /* TranslationAppUITests.xctest */;
			productType = "com.apple.product-type.bundle.ui-testing";
		};
/* End PBXNativeTarget section */

/* Begin PBXProject section */
		8974B3DC283F8BB900398488 /* Project object */ = {
			isa = PBXProject;
			attributes = {
				BuildIndependentTargetsInParallel = 1;
				LastSwiftUpdateCheck = 1330;
				LastUpgradeCheck = 1330;
				TargetAttributes = {
					8974B3E3283F8BB900398488 = {
						CreatedOnToolsVersion = 13.3.1;
					};
					8974B3F3283F8BBA00398488 = {
						CreatedOnToolsVersion = 13.3.1;
						TestTargetID = 8974B3E3283F8BB900398488;
					};
					8974B3FD283F8BBA00398488 = {
						CreatedOnToolsVersion = 13.3.1;
						TestTargetID = 8974B3E3283F8BB900398488;
					};
				};
			};
			buildConfigurationList = 8974B3DF283F8BB900398488 /* Build configuration list for PBXProject "TranslationApp" */;
			compatibilityVersion = "Xcode 13.0";
			developmentRegion = en;
			hasScannedForEncodings = 0;
			knownRegions = (
				en,
				Base,
			);
			mainGroup = 8974B3DB283F8BB900398488;
			productRefGroup = 8974B3E5283F8BB900398488 /* Products */;
			projectDirPath = "";
			projectRoot = "";
			targets = (
				8974B3E3283F8BB900398488 /* TranslationApp */,
				8974B3F3283F8BBA00398488 /* TranslationAppTests */,
				8974B3FD283F8BBA00398488 /* TranslationAppUITests */,
			);
		};
/* End PBXProject section */

/* Begin PBXResourcesBuildPhase section */
		8974B3E2283F8BB900398488 /* Resources */ = {
			isa = PBXResourcesBuildPhase;
			buildActionMask = 2147483647;
			files = (
				8974B3EF283F8BBA00398488 /* Preview Assets.xcassets in Resources */,
				8974B3EC283F8BBA00398488 /* Assets.xcassets in Resources */,
			);
			runOnlyForDeploymentPostprocessing = 0;
		};
		8974B3F2283F8BBA00398488 /* Resources */ = {
			isa = PBXResourcesBuildPhase;
			buildActionMask = 2147483647;
			files = (
			);
			runOnlyForDeploymentPostprocessing = 0;
		};
		8974B3FC283F8BBA00398488 /* Resources */ = {
			isa = PBXResourcesBuildPhase;
			buildActionMask = 2147483647;
			files = (
			);
			runOnlyForDeploymentPostprocessing = 0;
		};
/* End PBXResourcesBuildPhase section */

/* Begin PBXSourcesBuildPhase section */
		8974B3E0283F8BB900398488 /* Sources */ = {
			isa = PBXSourcesBuildPhase;
			buildActionMask = 2147483647;
			files = (
				8974B3EA283F8BB900398488 /* ContentView.swift in Sources */,
				8974B415283F8CFA00398488 /* Persistence.swift in Sources */,
				8974B417283F913300398488 /* TaskListViewModel.swift in Sources */,
				8974B413283F8C3100398488 /* CRUDMVVM.xcdatamodeld in Sources */,
				8974B3E8283F8BB900398488 /* TranslationAppApp.swift in Sources */,
			);
			runOnlyForDeploymentPostprocessing = 0;
		};
		8974B3F0283F8BBA00398488 /* Sources */ = {
			isa = PBXSourcesBuildPhase;
			buildActionMask = 2147483647;
			files = (
				8974B3F9283F8BBA00398488 /* TranslationAppTests.swift in Sources */,
			);
			runOnlyForDeploymentPostprocessing = 0;
		};
		8974B3FA283F8BBA00398488 /* Sources */ = {
			isa = PBXSourcesBuildPhase;
			buildActionMask = 2147483647;
			files = (
				8974B405283F8BBA00398488 /* TranslationAppUITestsLaunchTests.swift in Sources */,
				8974B403283F8BBA00398488 /* TranslationAppUITests.swift in Sources */,
			);
			runOnlyForDeploymentPostprocessing = 0;
		};
/* End PBXSourcesBuildPhase section */

/* Begin PBXTargetDependency section */
		8974B3F6283F8BBA00398488 /* PBXTargetDependency */ = {
			isa = PBXTargetDependency;
			target = 8974B3E3283F8BB900398488 /* TranslationApp */;
			targetProxy = 8974B3F5283F8BBA00398488 /* PBXContainerItemProxy */;
		};
		8974B400283F8BBA00398488 /* PBXTargetDependency */ = {
			isa = PBXTargetDependency;
			target = 8974B3E3283F8BB900398488 /* TranslationApp */;
			targetProxy = 8974B3FF283F8BBA00398488 /* PBXContainerItemProxy */;
		};
/* End PBXTargetDependency section */

/* Begin XCBuildConfiguration section */
		8974B406283F8BBA00398488 /* Debug */ = {
			isa = XCBuildConfiguration;
			buildSettings = {
				ALWAYS_SEARCH_USER_PATHS = NO;
				CLANG_ANALYZER_NONNULL = YES;
				CLANG_ANALYZER_NUMBER_OBJECT_CONVERSION = YES_AGGRESSIVE;
				CLANG_CXX_LANGUAGE_STANDARD = "gnu++17";
				CLANG_ENABLE_MODULES = YES;
				CLANG_ENABLE_OBJC_ARC = YES;
				CLANG_ENABLE_OBJC_WEAK = YES;
				CLANG_WARN_BLOCK_CAPTURE_AUTORELEASING = YES;
				CLANG_WARN_BOOL_CONVERSION = YES;
				CLANG_WARN_COMMA = YES;
				CLANG_WARN_CONSTANT_CONVERSION = YES;
				CLANG_WARN_DEPRECATED_OBJC_IMPLEMENTATIONS = YES;
				CLANG_WARN_DIRECT_OBJC_ISA_USAGE = YES_ERROR;
				CLANG_WARN_DOCUMENTATION_COMMENTS = YES;
				CLANG_WARN_EMPTY_BODY = YES;
				CLANG_WARN_ENUM_CONVERSION = YES;
				CLANG_WARN_INFINITE_RECURSION = YES;
				CLANG_WARN_INT_CONVERSION = YES;
				CLANG_WARN_NON_LITERAL_NULL_CONVERSION = YES;
				CLANG_WARN_OBJC_IMPLICIT_RETAIN_SELF = YES;
				CLANG_WARN_OBJC_LITERAL_CONVERSION = YES;
				CLANG_WARN_OBJC_ROOT_CLASS = YES_ERROR;
				CLANG_WARN_QUOTED_INCLUDE_IN_FRAMEWORK_HEADER = YES;
				CLANG_WARN_RANGE_LOOP_ANALYSIS = YES;
				CLANG_WARN_STRICT_PROTOTYPES = YES;
				CLANG_WARN_SUSPICIOUS_MOVE = YES;
				CLANG_WARN_UNGUARDED_AVAILABILITY = YES_AGGRESSIVE;
				CLANG_WARN_UNREACHABLE_CODE = YES;
				CLANG_WARN__DUPLICATE_METHOD_MATCH = YES;
				COPY_PHASE_STRIP = NO;
				DEBUG_INFORMATION_FORMAT = dwarf;
				ENABLE_STRICT_OBJC_MSGSEND = YES;
				ENABLE_TESTABILITY = YES;
				GCC_C_LANGUAGE_STANDARD = gnu11;
				GCC_DYNAMIC_NO_PIC = NO;
				GCC_NO_COMMON_BLOCKS = YES;
				GCC_OPTIMIZATION_LEVEL = 0;
				GCC_PREPROCESSOR_DEFINITIONS = (
					"DEBUG=1",
					"$(inherited)",
				);
				GCC_WARN_64_TO_32_BIT_CONVERSION = YES;
				GCC_WARN_ABOUT_RETURN_TYPE = YES_ERROR;
				GCC_WARN_UNDECLARED_SELECTOR = YES;
				GCC_WARN_UNINITIALIZED_AUTOS = YES_AGGRESSIVE;
				GCC_WARN_UNUSED_FUNCTION = YES;
				GCC_WARN_UNUSED_VARIABLE = YES;
				IPHONEOS_DEPLOYMENT_TARGET = 15.4;
				MTL_ENABLE_DEBUG_INFO = INCLUDE_SOURCE;
				MTL_FAST_MATH = YES;
				ONLY_ACTIVE_ARCH = YES;
				SDKROOT = iphoneos;
				SWIFT_ACTIVE_COMPILATION_CONDITIONS = DEBUG;
				SWIFT_OPTIMIZATION_LEVEL = "-Onone";
			};
			name = Debug;
		};
		8974B407283F8BBA00398488 /* Release */ = {
			isa = XCBuildConfiguration;
			buildSettings = {
				ALWAYS_SEARCH_USER_PATHS = NO;
				CLANG_ANALYZER_NONNULL = YES;
				CLANG_ANALYZER_NUMBER_OBJECT_CONVERSION = YES_AGGRESSIVE;
				CLANG_CXX_LANGUAGE_STANDARD = "gnu++17";
				CLANG_ENABLE_MODULES = YES;
				CLANG_ENABLE_OBJC_ARC = YES;
				CLANG_ENABLE_OBJC_WEAK = YES;
				CLANG_WARN_BLOCK_CAPTURE_AUTORELEASING = YES;
				CLANG_WARN_BOOL_CONVERSION = YES;
				CLANG_WARN_COMMA = YES;
				CLANG_WARN_CONSTANT_CONVERSION = YES;
				CLANG_WARN_DEPRECATED_OBJC_IMPLEMENTATIONS = YES;
				CLANG_WARN_DIRECT_OBJC_ISA_USAGE = YES_ERROR;
				CLANG_WARN_DOCUMENTATION_COMMENTS = YES;
				CLANG_WARN_EMPTY_BODY = YES;
				CLANG_WARN_ENUM_CONVERSION = YES;
				CLANG_WARN_INFINITE_RECURSION = YES;
				CLANG_WARN_INT_CONVERSION = YES;
				CLANG_WARN_NON_LITERAL_NULL_CONVERSION = YES;
				CLANG_WARN_OBJC_IMPLICIT_RETAIN_SELF = YES;
				CLANG_WARN_OBJC_LITERAL_CONVERSION = YES;
				CLANG_WARN_OBJC_ROOT_CLASS = YES_ERROR;
				CLANG_WARN_QUOTED_INCLUDE_IN_FRAMEWORK_HEADER = YES;
				CLANG_WARN_RANGE_LOOP_ANALYSIS = YES;
				CLANG_WARN_STRICT_PROTOTYPES = YES;
				CLANG_WARN_SUSPICIOUS_MOVE = YES;
				CLANG_WARN_UNGUARDED_AVAILABILITY = YES_AGGRESSIVE;
				CLANG_WARN_UNREACHABLE_CODE = YES;
				CLANG_WARN__DUPLICATE_METHOD_MATCH = YES;
				COPY_PHASE_STRIP = NO;
				DEBUG_INFORMATION_FORMAT = "dwarf-with-dsym";
				ENABLE_NS_ASSERTIONS = NO;
				ENABLE_STRICT_OBJC_MSGSEND = YES;
				GCC_C_LANGUAGE_STANDARD = gnu11;
				GCC_NO_COMMON_BLOCKS = YES;
				GCC_WARN_64_TO_32_BIT_CONVERSION = YES;
				GCC_WARN_ABOUT_RETURN_TYPE = YES_ERROR;
				GCC_WARN_UNDECLARED_SELECTOR = YES;
				GCC_WARN_UNINITIALIZED_AUTOS = YES_AGGRESSIVE;
				GCC_WARN_UNUSED_FUNCTION = YES;
				GCC_WARN_UNUSED_VARIABLE = YES;
				IPHONEOS_DEPLOYMENT_TARGET = 15.4;
				MTL_ENABLE_DEBUG_INFO = NO;
				MTL_FAST_MATH = YES;
				SDKROOT = iphoneos;
				SWIFT_COMPILATION_MODE = wholemodule;
				SWIFT_OPTIMIZATION_LEVEL = "-O";
				VALIDATE_PRODUCT = YES;
			};
			name = Release;
		};
		8974B409283F8BBA00398488 /* Debug */ = {
			isa = XCBuildConfiguration;
			buildSettings = {
				ASSETCATALOG_COMPILER_APPICON_NAME = AppIcon;
				ASSETCATALOG_COMPILER_GLOBAL_ACCENT_COLOR_NAME = AccentColor;
				CODE_SIGN_STYLE = Automatic;
				CURRENT_PROJECT_VERSION = 1;
				DEVELOPMENT_ASSET_PATHS = "\"TranslationApp/Preview Content\"";
				DEVELOPMENT_TEAM = 82QSR5XW69;
				ENABLE_PREVIEWS = YES;
				GENERATE_INFOPLIST_FILE = YES;
				INFOPLIST_KEY_UIApplicationSceneManifest_Generation = YES;
				INFOPLIST_KEY_UIApplicationSupportsIndirectInputEvents = YES;
				INFOPLIST_KEY_UILaunchScreen_Generation = YES;
				INFOPLIST_KEY_UISupportedInterfaceOrientations_iPad = "UIInterfaceOrientationPortrait UIInterfaceOrientationPortraitUpsideDown UIInterfaceOrientationLandscapeLeft UIInterfaceOrientationLandscapeRight";
				INFOPLIST_KEY_UISupportedInterfaceOrientations_iPhone = "UIInterfaceOrientationPortrait UIInterfaceOrientationLandscapeLeft UIInterfaceOrientationLandscapeRight";
				LD_RUNPATH_SEARCH_PATHS = (
					"$(inherited)",
					"@executable_path/Frameworks",
				);
				MARKETING_VERSION = 1.0;
				PRODUCT_BUNDLE_IDENTIFIER = raiyan.TranslationApp;
				PRODUCT_NAME = "$(TARGET_NAME)";
				SWIFT_EMIT_LOC_STRINGS = YES;
				SWIFT_VERSION = 5.0;
				TARGETED_DEVICE_FAMILY = "1,2";
			};
			name = Debug;
		};
		8974B40A283F8BBA00398488 /* Release */ = {
			isa = XCBuildConfiguration;
			buildSettings = {
				ASSETCATALOG_COMPILER_APPICON_NAME = AppIcon;
				ASSETCATALOG_COMPILER_GLOBAL_ACCENT_COLOR_NAME = AccentColor;
				CODE_SIGN_STYLE = Automatic;
				CURRENT_PROJECT_VERSION = 1;
				DEVELOPMENT_ASSET_PATHS = "\"TranslationApp/Preview Content\"";
				DEVELOPMENT_TEAM = 82QSR5XW69;
				ENABLE_PREVIEWS = YES;
				GENERATE_INFOPLIST_FILE = YES;
				INFOPLIST_KEY_UIApplicationSceneManifest_Generation = YES;
				INFOPLIST_KEY_UIApplicationSupportsIndirectInputEvents = YES;
				INFOPLIST_KEY_UILaunchScreen_Generation = YES;
				INFOPLIST_KEY_UISupportedInterfaceOrientations_iPad = "UIInterfaceOrientationPortrait UIInterfaceOrientationPortraitUpsideDown UIInterfaceOrientationLandscapeLeft UIInterfaceOrientationLandscapeRight";
				INFOPLIST_KEY_UISupportedInterfaceOrientations_iPhone = "UIInterfaceOrientationPortrait UIInterfaceOrientationLandscapeLeft UIInterfaceOrientationLandscapeRight";
				LD_RUNPATH_SEARCH_PATHS = (
					"$(inherited)",
					"@executable_path/Frameworks",
				);
				MARKETING_VERSION = 1.0;
				PRODUCT_BUNDLE_IDENTIFIER = raiyan.TranslationApp;
				PRODUCT_NAME = "$(TARGET_NAME)";
				SWIFT_EMIT_LOC_STRINGS = YES;
				SWIFT_VERSION = 5.0;
				TARGETED_DEVICE_FAMILY = "1,2";
			};
			name = Release;
		};
		8974B40C283F8BBA00398488 /* Debug */ = {
			isa = XCBuildConfiguration;
			buildSettings = {
				ALWAYS_EMBED_SWIFT_STANDARD_LIBRARIES = YES;
				BUNDLE_LOADER = "$(TEST_HOST)";
				CODE_SIGN_STYLE = Automatic;
				CURRENT_PROJECT_VERSION = 1;
				DEVELOPMENT_TEAM = 82QSR5XW69;
				GENERATE_INFOPLIST_FILE = YES;
				IPHONEOS_DEPLOYMENT_TARGET = 15.4;
				MARKETING_VERSION = 1.0;
				PRODUCT_BUNDLE_IDENTIFIER = raiyan.TranslationAppTests;
				PRODUCT_NAME = "$(TARGET_NAME)";
				SWIFT_EMIT_LOC_STRINGS = NO;
				SWIFT_VERSION = 5.0;
				TARGETED_DEVICE_FAMILY = "1,2";
				TEST_HOST = "$(BUILT_PRODUCTS_DIR)/TranslationApp.app/TranslationApp";
			};
			name = Debug;
		};
		8974B40D283F8BBA00398488 /* Release */ = {
			isa = XCBuildConfiguration;
			buildSettings = {
				ALWAYS_EMBED_SWIFT_STANDARD_LIBRARIES = YES;
				BUNDLE_LOADER = "$(TEST_HOST)";
				CODE_SIGN_STYLE = Automatic;
				CURRENT_PROJECT_VERSION = 1;
				DEVELOPMENT_TEAM = 82QSR5XW69;
				GENERATE_INFOPLIST_FILE = YES;
				IPHONEOS_DEPLOYMENT_TARGET = 15.4;
				MARKETING_VERSION = 1.0;
				PRODUCT_BUNDLE_IDENTIFIER = raiyan.TranslationAppTests;
				PRODUCT_NAME = "$(TARGET_NAME)";
				SWIFT_EMIT_LOC_STRINGS = NO;
				SWIFT_VERSION = 5.0;
				TARGETED_DEVICE_FAMILY = "1,2";
				TEST_HOST = "$(BUILT_PRODUCTS_DIR)/TranslationApp.app/TranslationApp";
			};
			name = Release;
		};
		8974B40F283F8BBA00398488 /* Debug */ = {
			isa = XCBuildConfiguration;
			buildSettings = {
				ALWAYS_EMBED_SWIFT_STANDARD_LIBRARIES = YES;
				CODE_SIGN_STYLE = Automatic;
				CURRENT_PROJECT_VERSION = 1;
				DEVELOPMENT_TEAM = 82QSR5XW69;
				GENERATE_INFOPLIST_FILE = YES;
				MARKETING_VERSION = 1.0;
				PRODUCT_BUNDLE_IDENTIFIER = raiyan.TranslationAppUITests;
				PRODUCT_NAME = "$(TARGET_NAME)";
				SWIFT_EMIT_LOC_STRINGS = NO;
				SWIFT_VERSION = 5.0;
				TARGETED_DEVICE_FAMILY = "1,2";
				TEST_TARGET_NAME = TranslationApp;
			};
			name = Debug;
		};
		8974B410283F8BBA00398488 /* Release */ = {
			isa = XCBuildConfiguration;
			buildSettings = {
				ALWAYS_EMBED_SWIFT_STANDARD_LIBRARIES = YES;
				CODE_SIGN_STYLE = Automatic;
				CURRENT_PROJECT_VERSION = 1;
				DEVELOPMENT_TEAM = 82QSR5XW69;
				GENERATE_INFOPLIST_FILE = YES;
				MARKETING_VERSION = 1.0;
				PRODUCT_BUNDLE_IDENTIFIER = raiyan.TranslationAppUITests;
				PRODUCT_NAME = "$(TARGET_NAME)";
				SWIFT_EMIT_LOC_STRINGS = NO;
				SWIFT_VERSION = 5.0;
				TARGETED_DEVICE_FAMILY = "1,2";
				TEST_TARGET_NAME = TranslationApp;
			};
			name = Release;
		};
/* End XCBuildConfiguration section */

/* Begin XCConfigurationList section */
		8974B3DF283F8BB900398488 /* Build configuration list for PBXProject "TranslationApp" */ = {
			isa = XCConfigurationList;
			buildConfigurations = (
				8974B406283F8BBA00398488 /* Debug */,
				8974B407283F8BBA00398488 /* Release */,
			);
			defaultConfigurationIsVisible = 0;
			defaultConfigurationName = Release;
		};
		8974B408283F8BBA00398488 /* Build configuration list for PBXNativeTarget "TranslationApp" */ = {
			isa = XCConfigurationList;
			buildConfigurations = (
				8974B409283F8BBA00398488 /* Debug */,
				8974B40A283F8BBA00398488 /* Release */,
			);
			defaultConfigurationIsVisible = 0;
			defaultConfigurationName = Release;
		};
		8974B40B283F8BBA00398488 /* Build configuration list for PBXNativeTarget "TranslationAppTests" */ = {
			isa = XCConfigurationList;
			buildConfigurations = (
				8974B40C283F8BBA00398488 /* Debug */,
				8974B40D283F8BBA00398488 /* Release */,
			);
			defaultConfigurationIsVisible = 0;
			defaultConfigurationName = Release;
		};
		8974B40E283F8BBA00398488 /* Build configuration list for PBXNativeTarget "TranslationAppUITests" */ = {
			isa = XCConfigurationList;
			buildConfigurations = (
				8974B40F283F8BBA00398488 /* Debug */,
				8974B410283F8BBA00398488 /* Release */,
			);
			defaultConfigurationIsVisible = 0;
			defaultConfigurationName = Release;
		};
/* End XCConfigurationList section */

/* Begin XCVersionGroup section */
		8974B411283F8C3100398488 /* CRUDMVVM.xcdatamodeld */ = {
			isa = XCVersionGroup;
			children = (
				8974B412283F8C3100398488 /* CRUDMVVM.xcdatamodel */,
			);
			currentVersion = 8974B412283F8C3100398488 /* CRUDMVVM.xcdatamodel */;
			path = CRUDMVVM.xcdatamodeld;
			sourceTree = "<group>";
			versionGroupType = wrapper.xcdatamodel;
		};
/* End XCVersionGroup section */
	};
	rootObject = 8974B3DC283F8BB900398488 /* Project object */;
}
